<?xml version="1.0" encoding="utf-8"?>
<Project ToolsVersion="4.0" xmlns="http://schemas.microsoft.com/developer/msbuild/2003">
  <ItemGroup>
    <ClCompile Include="AnimationBehaviour.cpp" />
    <ClCompile Include="SNParticleSystem.cpp" />
    <ClCompile Include="SNHitBox.cpp" />
    <ClCompile Include="SNAnchor.cpp" />
    <ClCompile Include="SNAnimation.cpp" />
    <ClCompile Include="SNAnimator.cpp" />
    <ClCompile Include="SNAudioManager.cpp" />
    <ClCompile Include="SNInput.cpp" />
    <ClCompile Include="SNSimulatedProxy.cpp" />
    <ClCompile Include="SNCanvas.cpp" />
    <ClCompile Include="SNClient.cpp" />
    <ClCompile Include="SNEngine.cpp" />
    <ClCompile Include="SNAutonomousProxy.cpp" />
    <ClCompile Include="SNFloor.cpp" />
    <ClCompile Include="Main.cpp" />
    <ClCompile Include="SNServer.cpp" />
    <ClCompile Include="SNSprite.cpp" />
    <ClCompile Include="SNUIElement.cpp" />
    <ClCompile Include="SNWorld.cpp" />
    <ClCompile Include="SpritesheetData.cpp" />
    <ClCompile Include="SNTrailRenderer.cpp" />
    <ClCompile Include="SNTransform.cpp" />
    <ClCompile Include="SNFiniteStateMachine.cpp">
      <Filter>StateMachine</Filter>
    </ClCompile>
    <ClCompile Include="SNFSMAttackState.cpp">
      <Filter>StateMachine\APStates</Filter>
    </ClCompile>
    <ClCompile Include="SNFSMFallState.cpp">
      <Filter>StateMachine\APStates</Filter>
    </ClCompile>
    <ClCompile Include="SNFSMIdleState.cpp">
      <Filter>StateMachine\APStates</Filter>
    </ClCompile>
    <ClCompile Include="SNFSMJumpState.cpp">
      <Filter>StateMachine\APStates</Filter>
    </ClCompile>
    <ClCompile Include="SNFSMKnockbackState.cpp">
      <Filter>StateMachine\APStates</Filter>
    </ClCompile>
    <ClCompile Include="SNFSMKnockedDownState.cpp">
      <Filter>StateMachine\APStates</Filter>
    </ClCompile>
    <ClCompile Include="SNFSMRunState.cpp">
      <Filter>StateMachine\APStates</Filter>
    </ClCompile>
    <ClCompile Include="SNFSMTurnAroundState.cpp">
      <Filter>StateMachine\APStates</Filter>
    </ClCompile>
    <ClCompile Include="SNFSMWalkState.cpp">
      <Filter>StateMachine\APStates</Filter>
    </ClCompile>
    <ClCompile Include="SNFSMSPIdleState.cpp">
      <Filter>StateMachine\SPStates</Filter>
    </ClCompile>
    <ClCompile Include="SNFSMSPWalkState.cpp">
      <Filter>StateMachine\SPStates</Filter>
    </ClCompile>
    <ClCompile Include="SNFSMAPTauntState.cpp">
      <Filter>StateMachine\APStates</Filter>
    </ClCompile>
    <ClCompile Include="SNFSMSPAttackState.cpp">
      <Filter>StateMachine\SPStates</Filter>
    </ClCompile>
    <ClCompile Include="SNFSMSPRunState.cpp">
      <Filter>StateMachine\SPStates</Filter>
    </ClCompile>
    <ClCompile Include="SNFSMSPFallState.cpp">
      <Filter>StateMachine\SPStates</Filter>
    </ClCompile>
    <ClCompile Include="SNFSMSPJumpState.cpp">
      <Filter>StateMachine\SPStates</Filter>
    </ClCompile>
    <ClCompile Include="SNFSMSPKnockbackState.cpp">
      <Filter>StateMachine\SPStates</Filter>
    </ClCompile>
    <ClCompile Include="SNFSMSPKnockedDownState.cpp">
      <Filter>StateMachine\SPStates</Filter>
    </ClCompile>
    <ClCompile Include="SNFSMSPTauntState.cpp">
      <Filter>StateMachine\SPStates</Filter>
    </ClCompile>
    <ClCompile Include="SNFSMSPTurnAroundState.cpp">
      <Filter>StateMachine\SPStates</Filter>
    </ClCompile>
    <ClCompile Include="SNCamera.cpp" />
    <ClCompile Include="SNMath.cpp" />
  </ItemGroup>
  <ItemGroup>
    <ClInclude Include="AnimationBehaviour.h" />
    <ClInclude Include="SNParticleSystem.h" />
    <ClInclude Include="SNDataPacket.h" />
    <ClInclude Include="SNFlags.h" />
    <ClInclude Include="SNHitBox.h" />
    <ClInclude Include="SNAnchor.h" />
    <ClInclude Include="SNAnimation.h" />
    <ClInclude Include="SNAnimator.h" />
    <ClInclude Include="SNAudioManager.h" />
    <ClInclude Include="SNInput.h" />
    <ClInclude Include="SNSimulatedProxy.h" />
    <ClInclude Include="SNCanvas.h" />
    <ClInclude Include="SNClient.h" />
    <ClInclude Include="SNEngine.h" />
    <ClInclude Include="SNAutonomousProxy.h" />
    <ClInclude Include="SNFloor.h" />
    <ClInclude Include="Key.h" />
    <ClInclude Include="SNServer.h" />
    <ClInclude Include="SNSprite.h" />
    <ClInclude Include="SNUIElement.h" />
    <ClInclude Include="SpritesheetData.h" />
    <ClInclude Include="SNTrailRenderer.h" />
    <ClInclude Include="Vector.h" />
    <ClInclude Include="SNWorld.h" />
    <ClInclude Include="SNTransform.h" />
    <ClInclude Include="SNFiniteStateMachine.h">
      <Filter>StateMachine</Filter>
    </ClInclude>
    <ClInclude Include="SNFSMAttackState.h">
      <Filter>StateMachine\APStates</Filter>
    </ClInclude>
    <ClInclude Include="SNFSMData.h">
      <Filter>StateMachine\APStates</Filter>
    </ClInclude>
    <ClInclude Include="SNFSMFallState.h">
      <Filter>StateMachine\APStates</Filter>
    </ClInclude>
    <ClInclude Include="SNFSMIdleState.h">
      <Filter>StateMachine\APStates</Filter>
    </ClInclude>
    <ClInclude Include="SNFSMJumpState.h">
      <Filter>StateMachine\APStates</Filter>
    </ClInclude>
    <ClInclude Include="SNFSMKnockbackState.h">
      <Filter>StateMachine\APStates</Filter>
    </ClInclude>
    <ClInclude Include="SNFSMKnockedDownState.h">
      <Filter>StateMachine\APStates</Filter>
    </ClInclude>
    <ClInclude Include="SNFSMRunState.h">
      <Filter>StateMachine\APStates</Filter>
    </ClInclude>
    <ClInclude Include="SNFSMState.h">
      <Filter>StateMachine\APStates</Filter>
    </ClInclude>
    <ClInclude Include="SNFSMTurnAroundState.h">
      <Filter>StateMachine\APStates</Filter>
    </ClInclude>
    <ClInclude Include="SNFSMWalkState.h">
      <Filter>StateMachine\APStates</Filter>
    </ClInclude>
    <ClInclude Include="SNFSMSPIdleState.h">
      <Filter>StateMachine\SPStates</Filter>
    </ClInclude>
    <ClInclude Include="SNFSMSPWalkState.h">
      <Filter>StateMachine\SPStates</Filter>
    </ClInclude>
    <ClInclude Include="SNFSMAPTauntState.h">
      <Filter>StateMachine\APStates</Filter>
    </ClInclude>
    <ClInclude Include="SNFSMSPAttackState.h">
      <Filter>StateMachine\SPStates</Filter>
    </ClInclude>
    <ClInclude Include="SNFSMSPRunState.h">
      <Filter>StateMachine\SPStates</Filter>
    </ClInclude>
    <ClInclude Include="SNFSMSPFallState.h">
      <Filter>StateMachine\SPStates</Filter>
    </ClInclude>
    <ClInclude Include="SNFSMSPJumpState.h">
      <Filter>StateMachine\SPStates</Filter>
    </ClInclude>
    <ClInclude Include="SNFSMSPKnockbackState.h">
      <Filter>StateMachine\SPStates</Filter>
    </ClInclude>
    <ClInclude Include="SNFSMSPKnockedDownState.h">
      <Filter>StateMachine\SPStates</Filter>
    </ClInclude>
    <ClInclude Include="SNFSMSPTauntState.h">
      <Filter>StateMachine\SPStates</Filter>
    </ClInclude>
    <ClInclude Include="SNFSMSPTurnAroundState.h">
      <Filter>StateMachine\SPStates</Filter>
    </ClInclude>
    <ClInclude Include="SNCamera.h" />
    <ClInclude Include="SNMath.h" />
  </ItemGroup>
  <ItemGroup>
    <None Include="libjpeg-9.dll" />
    <None Include="libpng16-16.dll" />
    <None Include="libtiff-5.dll" />
    <None Include="libwebp-7.dll" />
    <None Include="SDL2_image.dll" />
    <None Include="zlib1.dll" />
  </ItemGroup>
  <ItemGroup>
    <Filter Include="StateMachine">
      <UniqueIdentifier>{7a40c7ba-7d42-4439-a296-1b73571ef1e6}</UniqueIdentifier>
    </Filter>
    <Filter Include="StateMachine\APStates">
      <UniqueIdentifier>{c38fa4c8-ea8d-433b-9740-1ed9c53755e2}</UniqueIdentifier>
    </Filter>
    <Filter Include="StateMachine\SPStates">
      <UniqueIdentifier>{e9d68b09-b2f0-4f79-ac88-9fc6dcf7d58c}</UniqueIdentifier>
    </Filter>
  </ItemGroup>
</Project>