<?xml version="1.0" encoding="utf-8"?>
<Project ToolsVersion="4.0" xmlns="http://schemas.microsoft.com/developer/msbuild/2003">
  <ItemGroup>
    <Filter Include="Source Files">
      <UniqueIdentifier>{4FC737F1-C7A5-4376-A066-2A32D752A2FF}</UniqueIdentifier>
      <Extensions>cpp;c;cc;cxx;def;odl;idl;hpj;bat;asm;asmx</Extensions>
    </Filter>
    <Filter Include="Header Files">
      <UniqueIdentifier>{93995380-89BD-4b04-88EB-625FBE52EBFB}</UniqueIdentifier>
      <Extensions>h;hh;hpp;hxx;hm;inl;inc;ipp;xsd</Extensions>
    </Filter>
    <Filter Include="Resource Files">
      <UniqueIdentifier>{67DA6AB6-F800-4c08-8B7A-83BB121AAD01}</UniqueIdentifier>
      <Extensions>rc;ico;cur;bmp;dlg;rc2;rct;bin;rgs;gif;jpg;jpeg;jpe;resx;tiff;tif;png;wav;mfcribbon-ms</Extensions>
    </Filter>
  </ItemGroup>
  <ItemGroup>
    <ClCompile Include="Main.cpp">
      <Filter>Source Files</Filter>
    </ClCompile>
    <ClCompile Include="Ship.cpp">
      <Filter>Source Files</Filter>
    </ClCompile>
    <ClCompile Include="Asteroid.cpp">
      <Filter>Source Files</Filter>
    </ClCompile>
    <ClCompile Include="Bullet.cpp">
      <Filter>Source Files</Filter>
    </ClCompile>
    <ClCompile Include="SNAnchor.cpp">
      <Filter>Source Files</Filter>
    </ClCompile>
    <ClCompile Include="SNAnimator.cpp">
      <Filter>Source Files</Filter>
    </ClCompile>
    <ClCompile Include="SNSimulatedProxy.cpp">
      <Filter>Source Files</Filter>
    </ClCompile>
    <ClCompile Include="SNCanvas.cpp">
      <Filter>Source Files</Filter>
    </ClCompile>
    <ClCompile Include="SNClient.cpp">
      <Filter>Source Files</Filter>
    </ClCompile>
    <ClCompile Include="SNEngine.cpp">
      <Filter>Source Files</Filter>
    </ClCompile>
    <ClCompile Include="SNAutonomousProxy.cpp">
      <Filter>Source Files</Filter>
    </ClCompile>
    <ClCompile Include="SNFloor.cpp">
      <Filter>Source Files</Filter>
    </ClCompile>
    <ClCompile Include="SNServer.cpp">
      <Filter>Source Files</Filter>
    </ClCompile>
    <ClCompile Include="SNUIElement.cpp">
      <Filter>Source Files</Filter>
    </ClCompile>
    <ClCompile Include="SNWorld.cpp">
      <Filter>Source Files</Filter>
    </ClCompile>
  </ItemGroup>
  <ItemGroup>
    <ClInclude Include="Ship.h">
      <Filter>Header Files</Filter>
    </ClInclude>
    <ClInclude Include="Asteroid.h">
      <Filter>Header Files</Filter>
    </ClInclude>
    <ClInclude Include="Vector.h">
      <Filter>Header Files</Filter>
    </ClInclude>
    <ClInclude Include="Bullet.h">
      <Filter>Header Files</Filter>
    </ClInclude>
    <ClInclude Include="Keys.h">
      <Filter>Header Files</Filter>
    </ClInclude>
    <ClInclude Include="Key.h">
      <Filter>Header Files</Filter>
    </ClInclude>
    <ClInclude Include="SNAnchor.h">
      <Filter>Header Files</Filter>
    </ClInclude>
    <ClInclude Include="SNAnimator.h">
      <Filter>Header Files</Filter>
    </ClInclude>
    <ClInclude Include="SNSimulatedProxy.h">
      <Filter>Header Files</Filter>
    </ClInclude>
    <ClInclude Include="SNCanvas.h">
      <Filter>Header Files</Filter>
    </ClInclude>
    <ClInclude Include="SNClient.h">
      <Filter>Header Files</Filter>
    </ClInclude>
    <ClInclude Include="SNEngine.h">
      <Filter>Header Files</Filter>
    </ClInclude>
    <ClInclude Include="SNAutonomousProxy.h">
      <Filter>Header Files</Filter>
    </ClInclude>
    <ClInclude Include="SNFloor.h">
      <Filter>Header Files</Filter>
    </ClInclude>
    <ClInclude Include="SNServer.h">
      <Filter>Header Files</Filter>
    </ClInclude>
    <ClInclude Include="SNUIElement.h">
      <Filter>Header Files</Filter>
    </ClInclude>
    <ClInclude Include="SNWorld.h">
      <Filter>Header Files</Filter>
    </ClInclude>
  </ItemGroup>
  <ItemGroup>
    <None Include="SDL2_image.dll" />
    <None Include="libpng16-16.dll" />
    <None Include="libjpeg-9.dll" />
    <None Include="libtiff-5.dll" />
    <None Include="libwebp-7.dll" />
    <None Include="zlib1.dll" />
  </ItemGroup>
</Project>